
Microsoft Visual Studio Solution File, Format Version 12.00
# Visual Studio Version 17
VisualStudioVersion = 17.14.36401.2
MinimumVisualStudioVersion = 10.0.40219.1
Project("{FAE04EC0-301F-11D3-BF4B-00C04F79EFBC}") = "SimpleArchive", "SimpleArchive\SimpleArchive.csproj", "{E261CCBB-FD17-455E-A6FD-73CEB22FF048}"
EndProject
Project("{FAE04EC0-301F-11D3-BF4B-00C04F79EFBC}") = "SimpleArchive.ShellExtension", "SimpleArchive.ShellExtension\SimpleArchive.ShellExtension.csproj", "{31D757C2-E75A-DAFD-CEC5-DF9544251835}"
EndProject
Project("{FAE04EC0-301F-11D3-BF4B-00C04F79EFBC}") = "SimpleArchive.Shared", "SimpleArchive.Shared\SimpleArchive.Shared.csproj", "{67FDDBF9-E6DC-45DA-B565-7C94D7633E9D}"
EndProject
Global
	GlobalSection(SolutionConfigurationPlatforms) = preSolution
		Debug|ARM64 = Debug|ARM64
		Debug|x64 = Debug|x64
		Release|ARM64 = Release|ARM64
		Release|x64 = Release|x64
	EndGlobalSection
	GlobalSection(ProjectConfigurationPlatforms) = postSolution
		{E261CCBB-FD17-455E-A6FD-73CEB22FF048}.Debug|ARM64.ActiveCfg = Debug|ARM64
		{E261CCBB-FD17-455E-A6FD-73CEB22FF048}.Debug|ARM64.Build.0 = Debug|ARM64
		{E261CCBB-FD17-455E-A6FD-73CEB22FF048}.Debug|ARM64.Deploy.0 = Debug|ARM64
		{E261CCBB-FD17-455E-A6FD-73CEB22FF048}.Debug|x64.ActiveCfg = Debug|x64
		{E261CCBB-FD17-455E-A6FD-73CEB22FF048}.Debug|x64.Build.0 = Debug|x64
		{E261CCBB-FD17-455E-A6FD-73CEB22FF048}.Debug|x64.Deploy.0 = Debug|x64
		{E261CCBB-FD17-455E-A6FD-73CEB22FF048}.Release|ARM64.ActiveCfg = Release|ARM64
		{E261CCBB-FD17-455E-A6FD-73CEB22FF048}.Release|ARM64.Build.0 = Release|ARM64
		{E261CCBB-FD17-455E-A6FD-73CEB22FF048}.Release|ARM64.Deploy.0 = Release|ARM64
		{E261CCBB-FD17-455E-A6FD-73CEB22FF048}.Release|x64.ActiveCfg = Release|x64
		{E261CCBB-FD17-455E-A6FD-73CEB22FF048}.Release|x64.Build.0 = Release|x64
		{E261CCBB-FD17-455E-A6FD-73CEB22FF048}.Release|x64.Deploy.0 = Release|x64
		{31D757C2-E75A-DAFD-CEC5-DF9544251835}.Debug|ARM64.ActiveCfg = Debug|ARM64
		{31D757C2-E75A-DAFD-CEC5-DF9544251835}.Debug|ARM64.Build.0 = Debug|ARM64
		{31D757C2-E75A-DAFD-CEC5-DF9544251835}.Debug|x64.ActiveCfg = Debug|x64
		{31D757C2-E75A-DAFD-CEC5-DF9544251835}.Debug|x64.Build.0 = Debug|x64
		{31D757C2-E75A-DAFD-CEC5-DF9544251835}.Release|ARM64.ActiveCfg = Release|ARM64
		{31D757C2-E75A-DAFD-CEC5-DF9544251835}.Release|ARM64.Build.0 = Release|ARM64
		{31D757C2-E75A-DAFD-CEC5-DF9544251835}.Release|x64.ActiveCfg = Release|x64
		{31D757C2-E75A-DAFD-CEC5-DF9544251835}.Release|x64.Build.0 = Release|x64
		{67FDDBF9-E6DC-45DA-B565-7C94D7633E9D}.Debug|ARM64.ActiveCfg = Debug|Any CPU
		{67FDDBF9-E6DC-45DA-B565-7C94D7633E9D}.Debug|ARM64.Build.0 = Debug|Any CPU
		{67FDDBF9-E6DC-45DA-B565-7C94D7633E9D}.Debug|x64.ActiveCfg = Debug|Any CPU
		{67FDDBF9-E6DC-45DA-B565-7C94D7633E9D}.Debug|x64.Build.0 = Debug|Any CPU
		{67FDDBF9-E6DC-45DA-B565-7C94D7633E9D}.Release|ARM64.ActiveCfg = Release|Any CPU
		{67FDDBF9-E6DC-45DA-B565-7C94D7633E9D}.Release|ARM64.Build.0 = Release|Any CPU
		{67FDDBF9-E6DC-45DA-B565-7C94D7633E9D}.Release|x64.ActiveCfg = Release|Any CPU
		{67FDDBF9-E6DC-45DA-B565-7C94D7633E9D}.Release|x64.Build.0 = Release|Any CPU
	EndGlobalSection
	GlobalSection(SolutionProperties) = preSolution
		HideSolutionNode = FALSE
	EndGlobalSection
	GlobalSection(ExtensibilityGlobals) = postSolution
		SolutionGuid = {CF20AA51-E512-4928-9B4B-B8B3F6FD618E}
	EndGlobalSection
EndGlobal
