{
  "version": 2,
  "dependencies": {
    "net10.0-windows10.0.26100": {
      "Bluehill.Features": {
        "type": "Direct",
        "requested": "[0.12.0, )",
        "resolved": "0.12.0",
        "contentHash": "7IxchfGXLkP1O+A0DXw85GBJcJA5G2FLNCWwKRS3EM8yO/Xf5Dj5n7nH9rNXJLPlfvxhpgkUxNNyqQHW2YDbag=="
      },
      "Bluehill.Imports": {
        "type": "Direct",
        "requested": "[1.0.20, )",
        "resolved": "1.0.20",
        "contentHash": "h1QR0GdU33O/RjjCVq7IiVI5CiHdJjvgWLOsxglbBL0FlXCr5yVMk3oJcQYLLE287GO/8ttlryCy3Ltme2/tKg==",
        "dependencies": {
          "Bluehill.Analyzers": "1.9.0",
          "Roslynator.Analyzers": "4.14.0",
          "Roslynator.Formatting.Analyzers": "4.14.0",
          "SonarAnalyzer.CSharp": "10.15.0.120848",
          "StyleCop.Analyzers": "1.2.0-beta.556"
        }
      },
      "CommunityToolkit.Mvvm": {
        "type": "Direct",
        "requested": "[8.4.0, )",
        "resolved": "8.4.0",
        "contentHash": "tqVU8yc/ADO9oiTRyTnwhFN68hCwvkliMierptWOudIAvWY1mWCh5VFh+guwHJmpMwfg0J0rY+yyd5Oy7ty9Uw=="
      },
      "Microsoft.Windows.SDK.BuildTools": {
        "type": "Direct",
        "requested": "[10.0.26100.4948, )",
        "resolved": "10.0.26100.4948",
        "contentHash": "o0T4CVaumDjPNNijKiM7p25vHKdyKqYvaVVLgQO02KTOoUDlgMYJVUQAXn1IG0G9/ZsdZ+bdgWxgQsrO/b37qw=="
      },
      "Microsoft.WindowsAppSDK.Runtime": {
        "type": "Direct",
        "requested": "[1.8.250907003, )",
        "resolved": "1.8.250907003",
        "contentHash": "URsthdat9pv1wnRNAy0WA5yejsc47QsSjjJ+L6INEgIFilrp4/LYndpHkoWh3KwBSjwkskvZlSprbOl09YVg/g==",
        "dependencies": {
          "Microsoft.WindowsAppSDK.Base": "1.8.250831001"
        }
      },
      "Microsoft.WindowsAppSDK.WinUI": {
        "type": "Direct",
        "requested": "[1.8.250906003, )",
        "resolved": "1.8.250906003",
        "contentHash": "6oskwUluqlDGwUcwYlY3GWTMLajyjh9e790SmWzCCMDRV6sunYbqp7DkiSLzn8nhgSbGvmj6zG92JnkYRlbrXw==",
        "dependencies": {
          "Microsoft.Web.WebView2": "1.0.3179.45",
          "Microsoft.WindowsAppSDK.Base": "1.8.250831001",
          "Microsoft.WindowsAppSDK.Foundation": "1.8.250906002",
          "Microsoft.WindowsAppSDK.InteractiveExperiences": "1.8.250906004"
        }
      },
      "SharpCompress": {
        "type": "Direct",
        "requested": "[0.40.0, )",
        "resolved": "0.40.0",
        "contentHash": "yP/aFX1jqGikVF7u2f05VEaWN4aCaKNLxSas82UgA2GGVECxq/BcqZx3STHCJ78qilo1azEOk1XpBglIuGMb7w==",
        "dependencies": {
          "ZstdSharp.Port": "0.8.5"
        }
      },
      "WinUIEx": {
        "type": "Direct",
        "requested": "[2.8.0, )",
        "resolved": "2.8.0",
        "contentHash": "bsOqD7VnICjYgW8pS3RicGzXSYAhmtTAVYk/nTenw6scMKDFx9e2NjicJKBr1vSU7YtVViiZ930NAg+2ih0dMg==",
        "dependencies": {
          "Microsoft.WindowsAppSDK.WinUI": "1.8.250906003"
        }
      },
      "Bluehill.Analyzers": {
        "type": "Transitive",
        "resolved": "1.9.0",
        "contentHash": "CCZd1bRWbvSByTR5wPcZYuT7KI/CPD3nX8LAfE5rkvFWRxpdLDNLCPtDgPQBheFoYSd7bm3LsVSIim15gayBSA=="
      },
      "Microsoft.Web.WebView2": {
        "type": "Transitive",
        "resolved": "1.0.3179.45",
        "contentHash": "3pokSH5CnN0G6rGhGFo1y87inxYhNxBQ2Vdf0wlvBj99KHxQJormjDACmqRnFeUsmuNFIhWwfAL1ztq7wD5qRA=="
      },
      "Microsoft.Windows.SDK.BuildTools.MSIX": {
        "type": "Transitive",
        "resolved": "1.7.20250829.1",
        "contentHash": "IMdvRmCIZnBS5GkYnv0po1bcx6U1OF39pqA4TphQ9evDzpCRoSE19/PkDvlUNNrBavTsLIEJgd/TAIFner75ow=="
      },
      "Microsoft.WindowsAppSDK.Base": {
        "type": "Transitive",
        "resolved": "1.8.250831001",
        "contentHash": "8LlfXBS2Hpw+OoVXViJmIOPXl0nMbqMaFR3j6+QHFNc62VULwPEcXiMRcP2WbV/+mtC7W2LH6yx6uu/Hrr9lVw==",
        "dependencies": {
          "Microsoft.Windows.SDK.BuildTools": "10.0.26100.4654",
          "Microsoft.Windows.SDK.BuildTools.MSIX": "1.7.20250829.1"
        }
      },
      "Microsoft.WindowsAppSDK.Foundation": {
        "type": "Transitive",
        "resolved": "1.8.250906002",
        "contentHash": "ltIXeHUX0AATpqmx/oBcRK+zhtK0KAfoGqItlQRlef9kG7Itj9iXAI+1EdFr4cQYzHzFM3PPLszEWDyR633svA==",
        "dependencies": {
          "Microsoft.WindowsAppSDK.Base": "1.8.250831001",
          "Microsoft.WindowsAppSDK.InteractiveExperiences": "1.8.250906004"
        }
      },
      "Microsoft.WindowsAppSDK.InteractiveExperiences": {
        "type": "Transitive",
        "resolved": "1.8.250906004",
        "contentHash": "UoK2yeZiycD1DmADHZz+hcMAoOaUfXLc9qUPfOjmVeKQ6i5ghGMjx/nd49bksP3wVhmSGHxb3argRKWPkK5maw==",
        "dependencies": {
          "Microsoft.WindowsAppSDK.Base": "1.8.250831001"
        }
      },
      "Roslynator.Analyzers": {
        "type": "Transitive",
        "resolved": "4.14.0",
        "contentHash": "AEWQMrb1rcmjv9FGzrwYSBb4INhDhsauS+wwTumG0wq8N1Il+CIQHqUZJ7bt0zYJEA1qXSqgpg8Fgwc88WrR/Q=="
      },
      "Roslynator.Formatting.Analyzers": {
        "type": "Transitive",
        "resolved": "4.14.0",
        "contentHash": "qGxeOq3qYZQo3nxCPqcU+QX82k2iPnStoE4mwIU1nMlOiN8yciOrGKfU4v7UgBv66GRi6Sqoc0/UDXoSdP+e1Q=="
      },
      "SonarAnalyzer.CSharp": {
        "type": "Transitive",
        "resolved": "10.15.0.120848",
        "contentHash": "1hM3HVRl5jdC/ZBDu+G7CCYLXRGe/QaP01Zy+c9ETPhY7lWD8g8HiefY6sGaH0T3CJ4wAy0/waGgQTh0TYy0oQ=="
      },
      "StyleCop.Analyzers": {
        "type": "Transitive",
        "resolved": "1.2.0-beta.556",
        "contentHash": "llRPgmA1fhC0I0QyFLEcjvtM2239QzKr/tcnbsjArLMJxJlu0AA5G7Fft0OI30pHF3MW63Gf4aSSsjc5m82J1Q==",
        "dependencies": {
          "StyleCop.Analyzers.Unstable": "1.2.0.556"
        }
      },
      "StyleCop.Analyzers.Unstable": {
        "type": "Transitive",
        "resolved": "1.2.0.556",
        "contentHash": "zvn9Mqs/ox/83cpYPignI8hJEM2A93s2HkHs8HYMOAQW0PkampyoErAiIyKxgTLqbbad29HX/shv/6LGSjPJNQ=="
      },
      "ZstdSharp.Port": {
        "type": "Transitive",
        "resolved": "0.8.5",
        "contentHash": "TR4j17WeVSEb3ncgL2NqlXEqcy04I+Kk9CaebNDplUeL8XOgjkZ7fP4Wg4grBdPLIqsV86p2QaXTkZoRMVOsew=="
      },
      "simplearchive.shared": {
        "type": "Project"
      },
      "simplearchive.shellextension": {
        "type": "Project",
        "dependencies": {
          "Bluehill.NativeCom": "[1.0.7, )",
          "SimpleArchive.Shared": "[0.0.0, )"
        }
      },
      "Bluehill.NativeCom": {
        "type": "CentralTransitive",
        "requested": "[1.0.7, )",
        "resolved": "1.0.7",
        "contentHash": "BOJbZocq3eMHEt53my41Jpb004smJLClC3MU3Wtj8qHsLlVlDgZ/9z2r0/9m7c9CV9ad7xuPp9u9ufY3sD/GSQ=="
      }
    },
    "net10.0-windows10.0.26100/win-arm64": {
      "Microsoft.Web.WebView2": {
        "type": "Transitive",
        "resolved": "1.0.3179.45",
        "contentHash": "3pokSH5CnN0G6rGhGFo1y87inxYhNxBQ2Vdf0wlvBj99KHxQJormjDACmqRnFeUsmuNFIhWwfAL1ztq7wD5qRA=="
      },
      "Microsoft.WindowsAppSDK.Foundation": {
        "type": "Transitive",
        "resolved": "1.8.250906002",
        "contentHash": "ltIXeHUX0AATpqmx/oBcRK+zhtK0KAfoGqItlQRlef9kG7Itj9iXAI+1EdFr4cQYzHzFM3PPLszEWDyR633svA==",
        "dependencies": {
          "Microsoft.WindowsAppSDK.Base": "1.8.250831001",
          "Microsoft.WindowsAppSDK.InteractiveExperiences": "1.8.250906004"
        }
      }
    },
    "net10.0-windows10.0.26100/win-x64": {
      "Microsoft.Web.WebView2": {
        "type": "Transitive",
        "resolved": "1.0.3179.45",
        "contentHash": "3pokSH5CnN0G6rGhGFo1y87inxYhNxBQ2Vdf0wlvBj99KHxQJormjDACmqRnFeUsmuNFIhWwfAL1ztq7wD5qRA=="
      },
      "Microsoft.WindowsAppSDK.Foundation": {
        "type": "Transitive",
        "resolved": "1.8.250906002",
        "contentHash": "ltIXeHUX0AATpqmx/oBcRK+zhtK0KAfoGqItlQRlef9kG7Itj9iXAI+1EdFr4cQYzHzFM3PPLszEWDyR633svA==",
        "dependencies": {
          "Microsoft.WindowsAppSDK.Base": "1.8.250831001",
          "Microsoft.WindowsAppSDK.InteractiveExperiences": "1.8.250906004"
        }
      }
    }
  }
}